
Microsoft Visual Studio Solution File, Format Version 12.00
# Visual Studio 15
VisualStudioVersion = 15.0.27004.2009
MinimumVisualStudioVersion = 10.0.40219.1
Project("{FAE04EC0-301F-11D3-BF4B-00C04F79EFBC}") = "CRUD", "CRUD\CRUD.csproj", "{F01D502E-65D4-4E25-93D4-7CFA80E6B2F0}"
EndProject
Global
	GlobalSection(SolutionConfigurationPlatforms) = preSolution
		Debug|Any CPU = Debug|Any CPU
		Release|Any CPU = Release|Any CPU
	EndGlobalSection
	GlobalSection(ProjectConfigurationPlatforms) = postSolution
		{F01D502E-65D4-4E25-93D4-7CFA80E6B2F0}.Debug|Any CPU.ActiveCfg = Debug|Any CPU
		{F01D502E-65D4-4E25-93D4-7CFA80E6B2F0}.Debug|Any CPU.Build.0 = Debug|Any CPU
		{F01D502E-65D4-4E25-93D4-7CFA80E6B2F0}.Release|Any CPU.ActiveCfg = Release|Any CPU
		{F01D502E-65D4-4E25-93D4-7CFA80E6B2F0}.Release|Any CPU.Build.0 = Release|Any CPU
	EndGlobalSection
	GlobalSection(SolutionProperties) = preSolution
		HideSolutionNode = FALSE
	EndGlobalSection
	GlobalSection(ExtensibilityGlobals) = postSolution
		SolutionGuid = {07745D20-E9AC-48A8-B2CD-A03E6B261397}
	EndGlobalSection
EndGlobal
